// !$*UTF8*$!
{
	archiveVersion = 1;
	classes = {
	};
	objectVersion = 50;
	objects = {

/* Begin PBXBuildFile section */
		4F77AB3825BAC7A1005EF326 /* AppDelegate.swift in Sources */ = {isa = PBXBuildFile; fileRef = 4F77AB3725BAC7A1005EF326 /* AppDelegate.swift */; };
		4F77AB3A25BAC7A1005EF326 /* SceneDelegate.swift in Sources */ = {isa = PBXBuildFile; fileRef = 4F77AB3925BAC7A1005EF326 /* SceneDelegate.swift */; };
		4F77AB3C25BAC7A1005EF326 /* ViewController.swift in Sources */ = {isa = PBXBuildFile; fileRef = 4F77AB3B25BAC7A1005EF326 /* ViewController.swift */; };
		4F77AB3F25BAC7A1005EF326 /* Main.storyboard in Resources */ = {isa = PBXBuildFile; fileRef = 4F77AB3D25BAC7A1005EF326 /* Main.storyboard */; };
		4F77AB4125BAC7A5005EF326 /* Assets.xcassets in Resources */ = {isa = PBXBuildFile; fileRef = 4F77AB4025BAC7A5005EF326 /* Assets.xcassets */; };
		4F77AB4425BAC7A5005EF326 /* LaunchScreen.storyboard in Resources */ = {isa = PBXBuildFile; fileRef = 4F77AB4225BAC7A5005EF326 /* LaunchScreen.storyboard */; };
		4F77AB4F25BAC7A5005EF326 /* projectiosTests.swift in Sources */ = {isa = PBXBuildFile; fileRef = 4F77AB4E25BAC7A5005EF326 /* projectiosTests.swift */; };
		4F77AB5A25BAC7A5005EF326 /* projectiosUITests.swift in Sources */ = {isa = PBXBuildFile; fileRef = 4F77AB5925BAC7A5005EF326 /* projectiosUITests.swift */; };
		58C1D1A3763044BD31029E05 /* Pods_projectiosTests.framework in Frameworks */ = {isa = PBXBuildFile; fileRef = A1E36448A7B9C227A8B34546 /* Pods_projectiosTests.framework */; };
		A17B629D78B8A6376F3A5BA3 /* Pods_projectios_projectiosUITests.framework in Frameworks */ = {isa = PBXBuildFile; fileRef = D7D8F39F603497D4EE36C8D5 /* Pods_projectios_projectiosUITests.framework */; };
		CDD904FC8E0BA3B16A433D15 /* Pods_projectios.framework in Frameworks */ = {isa = PBXBuildFile; fileRef = D084FE9D2A89E2CB13326004 /* Pods_projectios.framework */; };
/* End PBXBuildFile section */

/* Begin PBXContainerItemProxy section */
		4F77AB4B25BAC7A5005EF326 /* PBXContainerItemProxy */ = {
			isa = PBXContainerItemProxy;
			containerPortal = 4F77AB2C25BAC7A1005EF326 /* Project object */;
			proxyType = 1;
			remoteGlobalIDString = 4F77AB3325BAC7A1005EF326;
			remoteInfo = projectios;
		};
		4F77AB5625BAC7A5005EF326 /* PBXContainerItemProxy */ = {
			isa = PBXContainerItemProxy;
			containerPortal = 4F77AB2C25BAC7A1005EF326 /* Project object */;
			proxyType = 1;
			remoteGlobalIDString = 4F77AB3325BAC7A1005EF326;
			remoteInfo = projectios;
		};
/* End PBXContainerItemProxy section */

/* Begin PBXFileReference section */
		27FEAA39C87B67F4F97FA414 /* Pods-projectios.release.xcconfig */ = {isa = PBXFileReference; includeInIndex = 1; lastKnownFileType = text.xcconfig; name = "Pods-projectios.release.xcconfig"; path = "Target Support Files/Pods-projectios/Pods-projectios.release.xcconfig"; sourceTree = "<group>"; };
		43EA572E58B448456A5A0BA9 /* Pods-projectios-projectiosUITests.debug.xcconfig */ = {isa = PBXFileReference; includeInIndex = 1; lastKnownFileType = text.xcconfig; name = "Pods-projectios-projectiosUITests.debug.xcconfig"; path = "Target Support Files/Pods-projectios-projectiosUITests/Pods-projectios-projectiosUITests.debug.xcconfig"; sourceTree = "<group>"; };
		4F77AB3425BAC7A1005EF326 /* projectios.app */ = {isa = PBXFileReference; explicitFileType = wrapper.application; includeInIndex = 0; path = projectios.app; sourceTree = BUILT_PRODUCTS_DIR; };
		4F77AB3725BAC7A1005EF326 /* AppDelegate.swift */ = {isa = PBXFileReference; lastKnownFileType = sourcecode.swift; path = AppDelegate.swift; sourceTree = "<group>"; };
		4F77AB3925BAC7A1005EF326 /* SceneDelegate.swift */ = {isa = PBXFileReference; lastKnownFileType = sourcecode.swift; path = SceneDelegate.swift; sourceTree = "<group>"; };
		4F77AB3B25BAC7A1005EF326 /* ViewController.swift */ = {isa = PBXFileReference; lastKnownFileType = sourcecode.swift; path = ViewController.swift; sourceTree = "<group>"; };
		4F77AB3E25BAC7A1005EF326 /* Base */ = {isa = PBXFileReference; lastKnownFileType = file.storyboard; name = Base; path = Base.lproj/Main.storyboard; sourceTree = "<group>"; };
		4F77AB4025BAC7A5005EF326 /* Assets.xcassets */ = {isa = PBXFileReference; lastKnownFileType = folder.assetcatalog; path = Assets.xcassets; sourceTree = "<group>"; };
		4F77AB4325BAC7A5005EF326 /* Base */ = {isa = PBXFileReference; lastKnownFileType = file.storyboard; name = Base; path = Base.lproj/LaunchScreen.storyboard; sourceTree = "<group>"; };
		4F77AB4525BAC7A5005EF326 /* Info.plist */ = {isa = PBXFileReference; lastKnownFileType = text.plist.xml; path = Info.plist; sourceTree = "<group>"; };
		4F77AB4A25BAC7A5005EF326 /* projectiosTests.xctest */ = {isa = PBXFileReference; explicitFileType = wrapper.cfbundle; includeInIndex = 0; path = projectiosTests.xctest; sourceTree = BUILT_PRODUCTS_DIR; };
		4F77AB4E25BAC7A5005EF326 /* projectiosTests.swift */ = {isa = PBXFileReference; lastKnownFileType = sourcecode.swift; path = projectiosTests.swift; sourceTree = "<group>"; };
		4F77AB5025BAC7A5005EF326 /* Info.plist */ = {isa = PBXFileReference; lastKnownFileType = text.plist.xml; path = Info.plist; sourceTree = "<group>"; };
		4F77AB5525BAC7A5005EF326 /* projectiosUITests.xctest */ = {isa = PBXFileReference; explicitFileType = wrapper.cfbundle; includeInIndex = 0; path = projectiosUITests.xctest; sourceTree = BUILT_PRODUCTS_DIR; };
		4F77AB5925BAC7A5005EF326 /* projectiosUITests.swift */ = {isa = PBXFileReference; lastKnownFileType = sourcecode.swift; path = projectiosUITests.swift; sourceTree = "<group>"; };
		4F77AB5B25BAC7A5005EF326 /* Info.plist */ = {isa = PBXFileReference; lastKnownFileType = text.plist.xml; path = Info.plist; sourceTree = "<group>"; };
		620A294E039249F43A383B84 /* Pods-projectiosTests.release.xcconfig */ = {isa = PBXFileReference; includeInIndex = 1; lastKnownFileType = text.xcconfig; name = "Pods-projectiosTests.release.xcconfig"; path = "Target Support Files/Pods-projectiosTests/Pods-projectiosTests.release.xcconfig"; sourceTree = "<group>"; };
		86F50A4053457EBB7300CAD1 /* Pods-projectiosTests.debug.xcconfig */ = {isa = PBXFileReference; includeInIndex = 1; lastKnownFileType = text.xcconfig; name = "Pods-projectiosTests.debug.xcconfig"; path = "Target Support Files/Pods-projectiosTests/Pods-projectiosTests.debug.xcconfig"; sourceTree = "<group>"; };
		97F9FC076779664062E6C13D /* Pods-projectios.debug.xcconfig */ = {isa = PBXFileReference; includeInIndex = 1; lastKnownFileType = text.xcconfig; name = "Pods-projectios.debug.xcconfig"; path = "Target Support Files/Pods-projectios/Pods-projectios.debug.xcconfig"; sourceTree = "<group>"; };
		A1E36448A7B9C227A8B34546 /* Pods_projectiosTests.framework */ = {isa = PBXFileReference; explicitFileType = wrapper.framework; includeInIndex = 0; path = Pods_projectiosTests.framework; sourceTree = BUILT_PRODUCTS_DIR; };
		B482DC3E8E40821F580CD093 /* Pods-projectios-projectiosUITests.release.xcconfig */ = {isa = PBXFileReference; includeInIndex = 1; lastKnownFileType = text.xcconfig; name = "Pods-projectios-projectiosUITests.release.xcconfig"; path = "Target Support Files/Pods-projectios-projectiosUITests/Pods-projectios-projectiosUITests.release.xcconfig"; sourceTree = "<group>"; };
		D084FE9D2A89E2CB13326004 /* Pods_projectios.framework */ = {isa = PBXFileReference; explicitFileType = wrapper.framework; includeInIndex = 0; path = Pods_projectios.framework; sourceTree = BUILT_PRODUCTS_DIR; };
		D7D8F39F603497D4EE36C8D5 /* Pods_projectios_projectiosUITests.framework */ = {isa = PBXFileReference; explicitFileType = wrapper.framework; includeInIndex = 0; path = Pods_projectios_projectiosUITests.framework; sourceTree = BUILT_PRODUCTS_DIR; };
/* End PBXFileReference section */

/* Begin PBXFrameworksBuildPhase section */
		4F77AB3125BAC7A1005EF326 /* Frameworks */ = {
			isa = PBXFrameworksBuildPhase;
			buildActionMask = 2147483647;
			files = (
				CDD904FC8E0BA3B16A433D15 /* Pods_projectios.framework in Frameworks */,
			);
			runOnlyForDeploymentPostprocessing = 0;
		};
		4F77AB4725BAC7A5005EF326 /* Frameworks */ = {
			isa = PBXFrameworksBuildPhase;
			buildActionMask = 2147483647;
			files = (
				58C1D1A3763044BD31029E05 /* Pods_projectiosTests.framework in Frameworks */,
			);
			runOnlyForDeploymentPostprocessing = 0;
		};
		4F77AB5225BAC7A5005EF326 /* Frameworks */ = {
			isa = PBXFrameworksBuildPhase;
			buildActionMask = 2147483647;
			files = (
				A17B629D78B8A6376F3A5BA3 /* Pods_projectios_projectiosUITests.framework in Frameworks */,
			);
			runOnlyForDeploymentPostprocessing = 0;
		};
/* End PBXFrameworksBuildPhase section */

/* Begin PBXGroup section */
		4F77AB2B25BAC7A1005EF326 = {
			isa = PBXGroup;
			children = (
				4F77AB3625BAC7A1005EF326 /* projectios */,
				4F77AB4D25BAC7A5005EF326 /* projectiosTests */,
				4F77AB5825BAC7A5005EF326 /* projectiosUITests */,
				4F77AB3525BAC7A1005EF326 /* Products */,
				C32D7D0D3356C072826373EB /* Pods */,
				845DF479CE7A2D12C91F8695 /* Frameworks */,
			);
			sourceTree = "<group>";
		};
		4F77AB3525BAC7A1005EF326 /* Products */ = {
			isa = PBXGroup;
			children = (
				4F77AB3425BAC7A1005EF326 /* projectios.app */,
				4F77AB4A25BAC7A5005EF326 /* projectiosTests.xctest */,
				4F77AB5525BAC7A5005EF326 /* projectiosUITests.xctest */,
			);
			name = Products;
			sourceTree = "<group>";
		};
		4F77AB3625BAC7A1005EF326 /* projectios */ = {
			isa = PBXGroup;
			children = (
				4F77AB3725BAC7A1005EF326 /* AppDelegate.swift */,
				4F77AB3925BAC7A1005EF326 /* SceneDelegate.swift */,
				4F77AB3B25BAC7A1005EF326 /* ViewController.swift */,
				4F77AB3D25BAC7A1005EF326 /* Main.storyboard */,
				4F77AB4025BAC7A5005EF326 /* Assets.xcassets */,
				4F77AB4225BAC7A5005EF326 /* LaunchScreen.storyboard */,
				4F77AB4525BAC7A5005EF326 /* Info.plist */,
			);
			path = projectios;
			sourceTree = "<group>";
		};
		4F77AB4D25BAC7A5005EF326 /* projectiosTests */ = {
			isa = PBXGroup;
			children = (
				4F77AB4E25BAC7A5005EF326 /* projectiosTests.swift */,
				4F77AB5025BAC7A5005EF326 /* Info.plist */,
			);
			path = projectiosTests;
			sourceTree = "<group>";
		};
		4F77AB5825BAC7A5005EF326 /* projectiosUITests */ = {
			isa = PBXGroup;
			children = (
				4F77AB5925BAC7A5005EF326 /* projectiosUITests.swift */,
				4F77AB5B25BAC7A5005EF326 /* Info.plist */,
			);
			path = projectiosUITests;
			sourceTree = "<group>";
		};
		845DF479CE7A2D12C91F8695 /* Frameworks */ = {
			isa = PBXGroup;
			children = (
				D084FE9D2A89E2CB13326004 /* Pods_projectios.framework */,
				D7D8F39F603497D4EE36C8D5 /* Pods_projectios_projectiosUITests.framework */,
				A1E36448A7B9C227A8B34546 /* Pods_projectiosTests.framework */,
			);
			name = Frameworks;
			sourceTree = "<group>";
		};
		C32D7D0D3356C072826373EB /* Pods */ = {
			isa = PBXGroup;
			children = (
				97F9FC076779664062E6C13D /* Pods-projectios.debug.xcconfig */,
				27FEAA39C87B67F4F97FA414 /* Pods-projectios.release.xcconfig */,
				43EA572E58B448456A5A0BA9 /* Pods-projectios-projectiosUITests.debug.xcconfig */,
				B482DC3E8E40821F580CD093 /* Pods-projectios-projectiosUITests.release.xcconfig */,
				86F50A4053457EBB7300CAD1 /* Pods-projectiosTests.debug.xcconfig */,
				620A294E039249F43A383B84 /* Pods-projectiosTests.release.xcconfig */,
			);
			path = Pods;
			sourceTree = "<group>";
		};
/* End PBXGroup section */

/* Begin PBXNativeTarget section */
		4F77AB3325BAC7A1005EF326 /* projectios */ = {
			isa = PBXNativeTarget;
			buildConfigurationList = 4F77AB5E25BAC7A5005EF326 /* Build configuration list for PBXNativeTarget "projectios" */;
			buildPhases = (
				0BF22EC12E802F09915AD754 /* [CP] Check Pods Manifest.lock */,
				4F77AB3025BAC7A1005EF326 /* Sources */,
				4F77AB3125BAC7A1005EF326 /* Frameworks */,
				4F77AB3225BAC7A1005EF326 /* Resources */,
				FA9D24B1A33AAE79588FD443 /* [CP] Embed Pods Frameworks */,
			);
			buildRules = (
			);
			dependencies = (
			);
			name = projectios;
			productName = projectios;
			productReference = 4F77AB3425BAC7A1005EF326 /* projectios.app */;
			productType = "com.apple.product-type.application";
		};
		4F77AB4925BAC7A5005EF326 /* projectiosTests */ = {
			isa = PBXNativeTarget;
			buildConfigurationList = 4F77AB6125BAC7A5005EF326 /* Build configuration list for PBXNativeTarget "projectiosTests" */;
			buildPhases = (
				3EC342FEC18E4E027317C9F6 /* [CP] Check Pods Manifest.lock */,
				4F77AB4625BAC7A5005EF326 /* Sources */,
				4F77AB4725BAC7A5005EF326 /* Frameworks */,
				4F77AB4825BAC7A5005EF326 /* Resources */,
			);
			buildRules = (
			);
			dependencies = (
				4F77AB4C25BAC7A5005EF326 /* PBXTargetDependency */,
			);
			name = projectiosTests;
			productName = projectiosTests;
			productReference = 4F77AB4A25BAC7A5005EF326 /* projectiosTests.xctest */;
			productType = "com.apple.product-type.bundle.unit-test";
		};
		4F77AB5425BAC7A5005EF326 /* projectiosUITests */ = {
			isa = PBXNativeTarget;
			buildConfigurationList = 4F77AB6425BAC7A5005EF326 /* Build configuration list for PBXNativeTarget "projectiosUITests" */;
			buildPhases = (
				F24240929114D66298974EE7 /* [CP] Check Pods Manifest.lock */,
				4F77AB5125BAC7A5005EF326 /* Sources */,
				4F77AB5225BAC7A5005EF326 /* Frameworks */,
				4F77AB5325BAC7A5005EF326 /* Resources */,
				F0F6D88377F52CAE4434324A /* [CP] Embed Pods Frameworks */,
			);
			buildRules = (
			);
			dependencies = (
				4F77AB5725BAC7A5005EF326 /* PBXTargetDependency */,
			);
			name = projectiosUITests;
			productName = projectiosUITests;
			productReference = 4F77AB5525BAC7A5005EF326 /* projectiosUITests.xctest */;
			productType = "com.apple.product-type.bundle.ui-testing";
		};
/* End PBXNativeTarget section */

/* Begin PBXProject section */
		4F77AB2C25BAC7A1005EF326 /* Project object */ = {
			isa = PBXProject;
			attributes = {
				CLASSPREFIX = LX;
				LastSwiftUpdateCheck = 1230;
				LastUpgradeCheck = 1230;
				TargetAttributes = {
					4F77AB3325BAC7A1005EF326 = {
						CreatedOnToolsVersion = 12.3;
					};
					4F77AB4925BAC7A5005EF326 = {
						CreatedOnToolsVersion = 12.3;
						TestTargetID = 4F77AB3325BAC7A1005EF326;
					};
					4F77AB5425BAC7A5005EF326 = {
						CreatedOnToolsVersion = 12.3;
						TestTargetID = 4F77AB3325BAC7A1005EF326;
					};
				};
			};
			buildConfigurationList = 4F77AB2F25BAC7A1005EF326 /* Build configuration list for PBXProject "projectios" */;
			compatibilityVersion = "Xcode 9.3";
			developmentRegion = en;
			hasScannedForEncodings = 0;
			knownRegions = (
				en,
				Base,
			);
			mainGroup = 4F77AB2B25BAC7A1005EF326;
			productRefGroup = 4F77AB3525BAC7A1005EF326 /* Products */;
			projectDirPath = "";
			projectRoot = "";
			targets = (
				4F77AB3325BAC7A1005EF326 /* projectios */,
				4F77AB4925BAC7A5005EF326 /* projectiosTests */,
				4F77AB5425BAC7A5005EF326 /* projectiosUITests */,
			);
		};
/* End PBXProject section */

/* Begin PBXResourcesBuildPhase section */
		4F77AB3225BAC7A1005EF326 /* Resources */ = {
			isa = PBXResourcesBuildPhase;
			buildActionMask = 2147483647;
			files = (
				4F77AB4425BAC7A5005EF326 /* LaunchScreen.storyboard in Resources */,
				4F77AB4125BAC7A5005EF326 /* Assets.xcassets in Resources */,
				4F77AB3F25BAC7A1005EF326 /* Main.storyboard in Resources */,
			);
			runOnlyForDeploymentPostprocessing = 0;
		};
		4F77AB4825BAC7A5005EF326 /* Resources */ = {
			isa = PBXResourcesBuildPhase;
			buildActionMask = 2147483647;
			files = (
			);
			runOnlyForDeploymentPostprocessing = 0;
		};
		4F77AB5325BAC7A5005EF326 /* Resources */ = {
			isa = PBXResourcesBuildPhase;
			buildActionMask = 2147483647;
			files = (
			);
			runOnlyForDeploymentPostprocessing = 0;
		};
/* End PBXResourcesBuildPhase section */

/* Begin PBXShellScriptBuildPhase section */
		0BF22EC12E802F09915AD754 /* [CP] Check Pods Manifest.lock */ = {
			isa = PBXShellScriptBuildPhase;
			buildActionMask = 2147483647;
			files = (
			);
			inputFileListPaths = (
			);
			inputPaths = (
				"${PODS_PODFILE_DIR_PATH}/Podfile.lock",
				"${PODS_ROOT}/Manifest.lock",
			);
			name = "[CP] Check Pods Manifest.lock";
			outputFileListPaths = (
			);
			outputPaths = (
				"$(DERIVED_FILE_DIR)/Pods-projectios-checkManifestLockResult.txt",
			);
			runOnlyForDeploymentPostprocessing = 0;
			shellPath = /bin/sh;
			shellScript = "diff \"${PODS_PODFILE_DIR_PATH}/Podfile.lock\" \"${PODS_ROOT}/Manifest.lock\" > /dev/null\nif [ $? != 0 ] ; then\n    # print error to STDERR\n    echo \"error: The sandbox is not in sync with the Podfile.lock. Run 'pod install' or update your CocoaPods installation.\" >&2\n    exit 1\nfi\n# This output is used by Xcode 'outputs' to avoid re-running this script phase.\necho \"SUCCESS\" > \"${SCRIPT_OUTPUT_FILE_0}\"\n";
			showEnvVarsInLog = 0;
		};
		3EC342FEC18E4E027317C9F6 /* [CP] Check Pods Manifest.lock */ = {
			isa = PBXShellScriptBuildPhase;
			buildActionMask = 2147483647;
			files = (
			);
			inputFileListPaths = (
			);
			inputPaths = (
				"${PODS_PODFILE_DIR_PATH}/Podfile.lock",
				"${PODS_ROOT}/Manifest.lock",
			);
			name = "[CP] Check Pods Manifest.lock";
			outputFileListPaths = (
			);
			outputPaths = (
				"$(DERIVED_FILE_DIR)/Pods-projectiosTests-checkManifestLockResult.txt",
			);
			runOnlyForDeploymentPostprocessing = 0;
			shellPath = /bin/sh;
			shellScript = "diff \"${PODS_PODFILE_DIR_PATH}/Podfile.lock\" \"${PODS_ROOT}/Manifest.lock\" > /dev/null\nif [ $? != 0 ] ; then\n    # print error to STDERR\n    echo \"error: The sandbox is not in sync with the Podfile.lock. Run 'pod install' or update your CocoaPods installation.\" >&2\n    exit 1\nfi\n# This output is used by Xcode 'outputs' to avoid re-running this script phase.\necho \"SUCCESS\" > \"${SCRIPT_OUTPUT_FILE_0}\"\n";
			showEnvVarsInLog = 0;
		};
		F0F6D88377F52CAE4434324A /* [CP] Embed Pods Frameworks */ = {
			isa = PBXShellScriptBuildPhase;
			buildActionMask = 2147483647;
			files = (
			);
			inputFileListPaths = (
				"${PODS_ROOT}/Target Support Files/Pods-projectios-projectiosUITests/Pods-projectios-projectiosUITests-frameworks-${CONFIGURATION}-input-files.xcfilelist",
			);
			name = "[CP] Embed Pods Frameworks";
			outputFileListPaths = (
				"${PODS_ROOT}/Target Support Files/Pods-projectios-projectiosUITests/Pods-projectios-projectiosUITests-frameworks-${CONFIGURATION}-output-files.xcfilelist",
			);
			runOnlyForDeploymentPostprocessing = 0;
			shellPath = /bin/sh;
			shellScript = "\"${PODS_ROOT}/Target Support Files/Pods-projectios-projectiosUITests/Pods-projectios-projectiosUITests-frameworks.sh\"\n";
			showEnvVarsInLog = 0;
		};
		F24240929114D66298974EE7 /* [CP] Check Pods Manifest.lock */ = {
			isa = PBXShellScriptBuildPhase;
			buildActionMask = 2147483647;
			files = (
			);
			inputFileListPaths = (
			);
			inputPaths = (
				"${PODS_PODFILE_DIR_PATH}/Podfile.lock",
				"${PODS_ROOT}/Manifest.lock",
			);
			name = "[CP] Check Pods Manifest.lock";
			outputFileListPaths = (
			);
			outputPaths = (
				"$(DERIVED_FILE_DIR)/Pods-projectios-projectiosUITests-checkManifestLockResult.txt",
			);
			runOnlyForDeploymentPostprocessing = 0;
			shellPath = /bin/sh;
			shellScript = "diff \"${PODS_PODFILE_DIR_PATH}/Podfile.lock\" \"${PODS_ROOT}/Manifest.lock\" > /dev/null\nif [ $? != 0 ] ; then\n    # print error to STDERR\n    echo \"error: The sandbox is not in sync with the Podfile.lock. Run 'pod install' or update your CocoaPods installation.\" >&2\n    exit 1\nfi\n# This output is used by Xcode 'outputs' to avoid re-running this script phase.\necho \"SUCCESS\" > \"${SCRIPT_OUTPUT_FILE_0}\"\n";
			showEnvVarsInLog = 0;
		};
		FA9D24B1A33AAE79588FD443 /* [CP] Embed Pods Frameworks */ = {
			isa = PBXShellScriptBuildPhase;
			buildActionMask = 2147483647;
			files = (
			);
			inputFileListPaths = (
				"${PODS_ROOT}/Target Support Files/Pods-projectios/Pods-projectios-frameworks-${CONFIGURATION}-input-files.xcfilelist",
			);
			name = "[CP] Embed Pods Frameworks";
			outputFileListPaths = (
				"${PODS_ROOT}/Target Support Files/Pods-projectios/Pods-projectios-frameworks-${CONFIGURATION}-output-files.xcfilelist",
			);
			runOnlyForDeploymentPostprocessing = 0;
			shellPath = /bin/sh;
			shellScript = "\"${PODS_ROOT}/Target Support Files/Pods-projectios/Pods-projectios-frameworks.sh\"\n";
			showEnvVarsInLog = 0;
		};
/* End PBXShellScriptBuildPhase section */

/* Begin PBXSourcesBuildPhase section */
		4F77AB3025BAC7A1005EF326 /* Sources */ = {
			isa = PBXSourcesBuildPhase;
			buildActionMask = 2147483647;
			files = (
				4F77AB3C25BAC7A1005EF326 /* ViewController.swift in Sources */,
				4F77AB3825BAC7A1005EF326 /* AppDelegate.swift in Sources */,
				4F77AB3A25BAC7A1005EF326 /* SceneDelegate.swift in Sources */,
			);
			runOnlyForDeploymentPostprocessing = 0;
		};
		4F77AB4625BAC7A5005EF326 /* Sources */ = {
			isa = PBXSourcesBuildPhase;
			buildActionMask = 2147483647;
			files = (
				4F77AB4F25BAC7A5005EF326 /* projectiosTests.swift in Sources */,
			);
			runOnlyForDeploymentPostprocessing = 0;
		};
		4F77AB5125BAC7A5005EF326 /* Sources */ = {
			isa = PBXSourcesBuildPhase;
			buildActionMask = 2147483647;
			files = (
				4F77AB5A25BAC7A5005EF326 /* projectiosUITests.swift in Sources */,
			);
			runOnlyForDeploymentPostprocessing = 0;
		};
/* End PBXSourcesBuildPhase section */

/* Begin PBXTargetDependency section */
		4F77AB4C25BAC7A5005EF326 /* PBXTargetDependency */ = {
			isa = PBXTargetDependency;
			target = 4F77AB3325BAC7A1005EF326 /* projectios */;
			targetProxy = 4F77AB4B25BAC7A5005EF326 /* PBXContainerItemProxy */;
		};
		4F77AB5725BAC7A5005EF326 /* PBXTargetDependency */ = {
			isa = PBXTargetDependency;
			target = 4F77AB3325BAC7A1005EF326 /* projectios */;
			targetProxy = 4F77AB5625BAC7A5005EF326 /* PBXContainerItemProxy */;
		};
/* End PBXTargetDependency section */

/* Begin PBXVariantGroup section */
		4F77AB3D25BAC7A1005EF326 /* Main.storyboard */ = {
			isa = PBXVariantGroup;
			children = (
				4F77AB3E25BAC7A1005EF326 /* Base */,
			);
			name = Main.storyboard;
			sourceTree = "<group>";
		};
		4F77AB4225BAC7A5005EF326 /* LaunchScreen.storyboard */ = {
			isa = PBXVariantGroup;
			children = (
				4F77AB4325BAC7A5005EF326 /* Base */,
			);
			name = LaunchScreen.storyboard;
			sourceTree = "<group>";
		};
/* End PBXVariantGroup section */

/* Begin XCBuildConfiguration section */
		4F77AB5C25BAC7A5005EF326 /* Debug */ = {
			isa = XCBuildConfiguration;
			buildSettings = {
				ALWAYS_SEARCH_USER_PATHS = NO;
				CLANG_ANALYZER_NONNULL = YES;
				CLANG_ANALYZER_NUMBER_OBJECT_CONVERSION = YES_AGGRESSIVE;
				CLANG_CXX_LANGUAGE_STANDARD = "gnu++14";
				CLANG_CXX_LIBRARY = "libc++";
				CLANG_ENABLE_MODULES = YES;
				CLANG_ENABLE_OBJC_ARC = YES;
				CLANG_ENABLE_OBJC_WEAK = YES;
				CLANG_WARN_BLOCK_CAPTURE_AUTORELEASING = YES;
				CLANG_WARN_BOOL_CONVERSION = YES;
				CLANG_WARN_COMMA = YES;
				CLANG_WARN_CONSTANT_CONVERSION = YES;
				CLANG_WARN_DEPRECATED_OBJC_IMPLEMENTATIONS = YES;
				CLANG_WARN_DIRECT_OBJC_ISA_USAGE = YES_ERROR;
				CLANG_WARN_DOCUMENTATION_COMMENTS = YES;
				CLANG_WARN_EMPTY_BODY = YES;
				CLANG_WARN_ENUM_CONVERSION = YES;
				CLANG_WARN_INFINITE_RECURSION = YES;
				CLANG_WARN_INT_CONVERSION = YES;
				CLANG_WARN_NON_LITERAL_NULL_CONVERSION = YES;
				CLANG_WARN_OBJC_IMPLICIT_RETAIN_SELF = YES;
				CLANG_WARN_OBJC_LITERAL_CONVERSION = YES;
				CLANG_WARN_OBJC_ROOT_CLASS = YES_ERROR;
				CLANG_WARN_QUOTED_INCLUDE_IN_FRAMEWORK_HEADER = YES;
				CLANG_WARN_RANGE_LOOP_ANALYSIS = YES;
				CLANG_WARN_STRICT_PROTOTYPES = YES;
				CLANG_WARN_SUSPICIOUS_MOVE = YES;
				CLANG_WARN_UNGUARDED_AVAILABILITY = YES_AGGRESSIVE;
				CLANG_WARN_UNREACHABLE_CODE = YES;
				CLANG_WARN__DUPLICATE_METHOD_MATCH = YES;
				COPY_PHASE_STRIP = NO;
				DEBUG_INFORMATION_FORMAT = dwarf;
				ENABLE_STRICT_OBJC_MSGSEND = YES;
				ENABLE_TESTABILITY = YES;
				GCC_C_LANGUAGE_STANDARD = gnu11;
				GCC_DYNAMIC_NO_PIC = NO;
				GCC_NO_COMMON_BLOCKS = YES;
				GCC_OPTIMIZATION_LEVEL = 0;
				GCC_PREPROCESSOR_DEFINITIONS = (
					"DEBUG=1",
					"$(inherited)",
				);
				GCC_WARN_64_TO_32_BIT_CONVERSION = YES;
				GCC_WARN_ABOUT_RETURN_TYPE = YES_ERROR;
				GCC_WARN_UNDECLARED_SELECTOR = YES;
				GCC_WARN_UNINITIALIZED_AUTOS = YES_AGGRESSIVE;
				GCC_WARN_UNUSED_FUNCTION = YES;
				GCC_WARN_UNUSED_VARIABLE = YES;
				IPHONEOS_DEPLOYMENT_TARGET = 14.3;
				MTL_ENABLE_DEBUG_INFO = INCLUDE_SOURCE;
				MTL_FAST_MATH = YES;
				ONLY_ACTIVE_ARCH = YES;
				SDKROOT = iphoneos;
				SWIFT_ACTIVE_COMPILATION_CONDITIONS = DEBUG;
				SWIFT_OPTIMIZATION_LEVEL = "-Onone";
			};
			name = Debug;
		};
		4F77AB5D25BAC7A5005EF326 /* Release */ = {
			isa = XCBuildConfiguration;
			buildSettings = {
				ALWAYS_SEARCH_USER_PATHS = NO;
				CLANG_ANALYZER_NONNULL = YES;
				CLANG_ANALYZER_NUMBER_OBJECT_CONVERSION = YES_AGGRESSIVE;
				CLANG_CXX_LANGUAGE_STANDARD = "gnu++14";
				CLANG_CXX_LIBRARY = "libc++";
				CLANG_ENABLE_MODULES = YES;
				CLANG_ENABLE_OBJC_ARC = YES;
				CLANG_ENABLE_OBJC_WEAK = YES;
				CLANG_WARN_BLOCK_CAPTURE_AUTORELEASING = YES;
				CLANG_WARN_BOOL_CONVERSION = YES;
				CLANG_WARN_COMMA = YES;
				CLANG_WARN_CONSTANT_CONVERSION = YES;
				CLANG_WARN_DEPRECATED_OBJC_IMPLEMENTATIONS = YES;
				CLANG_WARN_DIRECT_OBJC_ISA_USAGE = YES_ERROR;
				CLANG_WARN_DOCUMENTATION_COMMENTS = YES;
				CLANG_WARN_EMPTY_BODY = YES;
				CLANG_WARN_ENUM_CONVERSION = YES;
				CLANG_WARN_INFINITE_RECURSION = YES;
				CLANG_WARN_INT_CONVERSION = YES;
				CLANG_WARN_NON_LITERAL_NULL_CONVERSION = YES;
				CLANG_WARN_OBJC_IMPLICIT_RETAIN_SELF = YES;
				CLANG_WARN_OBJC_LITERAL_CONVERSION = YES;
				CLANG_WARN_OBJC_ROOT_CLASS = YES_ERROR;
				CLANG_WARN_QUOTED_INCLUDE_IN_FRAMEWORK_HEADER = YES;
				CLANG_WARN_RANGE_LOOP_ANALYSIS = YES;
				CLANG_WARN_STRICT_PROTOTYPES = YES;
				CLANG_WARN_SUSPICIOUS_MOVE = YES;
				CLANG_WARN_UNGUARDED_AVAILABILITY = YES_AGGRESSIVE;
				CLANG_WARN_UNREACHABLE_CODE = YES;
				CLANG_WARN__DUPLICATE_METHOD_MATCH = YES;
				COPY_PHASE_STRIP = NO;
				DEBUG_INFORMATION_FORMAT = "dwarf-with-dsym";
				ENABLE_NS_ASSERTIONS = NO;
				ENABLE_STRICT_OBJC_MSGSEND = YES;
				GCC_C_LANGUAGE_STANDARD = gnu11;
				GCC_NO_COMMON_BLOCKS = YES;
				GCC_WARN_64_TO_32_BIT_CONVERSION = YES;
				GCC_WARN_ABOUT_RETURN_TYPE = YES_ERROR;
				GCC_WARN_UNDECLARED_SELECTOR = YES;
				GCC_WARN_UNINITIALIZED_AUTOS = YES_AGGRESSIVE;
				GCC_WARN_UNUSED_FUNCTION = YES;
				GCC_WARN_UNUSED_VARIABLE = YES;
				IPHONEOS_DEPLOYMENT_TARGET = 14.3;
				MTL_ENABLE_DEBUG_INFO = NO;
				MTL_FAST_MATH = YES;
				SDKROOT = iphoneos;
				SWIFT_COMPILATION_MODE = wholemodule;
				SWIFT_OPTIMIZATION_LEVEL = "-O";
				VALIDATE_PRODUCT = YES;
			};
			name = Release;
		};
		4F77AB5F25BAC7A5005EF326 /* Debug */ = {
			isa = XCBuildConfiguration;
			baseConfigurationReference = 97F9FC076779664062E6C13D /* Pods-projectios.debug.xcconfig */;
			buildSettings = {
				ASSETCATALOG_COMPILER_APPICON_NAME = AppIcon;
				ASSETCATALOG_COMPILER_GLOBAL_ACCENT_COLOR_NAME = AccentColor;
				CODE_SIGN_STYLE = Automatic;
				DEVELOPMENT_TEAM = PBZHU7TMH4;
				INFOPLIST_FILE = projectios/Info.plist;
				IPHONEOS_DEPLOYMENT_TARGET = 13.0;
				LD_RUNPATH_SEARCH_PATHS = (
					"$(inherited)",
					"@executable_path/Frameworks",
				);
				PRODUCT_BUNDLE_IDENTIFIER = com.mingyang.projectios;
				PRODUCT_NAME = "$(TARGET_NAME)";
				SWIFT_VERSION = 5.0;
				TARGETED_DEVICE_FAMILY = 1;
			};
			name = Debug;
		};
		4F77AB6025BAC7A5005EF326 /* Release */ = {
			isa = XCBuildConfiguration;
			baseConfigurationReference = 27FEAA39C87B67F4F97FA414 /* Pods-projectios.release.xcconfig */;
			buildSettings = {
				ASSETCATALOG_COMPILER_APPICON_NAME = AppIcon;
				ASSETCATALOG_COMPILER_GLOBAL_ACCENT_COLOR_NAME = AccentColor;
				CODE_SIGN_STYLE = Automatic;
				DEVELOPMENT_TEAM = PBZHU7TMH4;
				INFOPLIST_FILE = projectios/Info.plist;
				IPHONEOS_DEPLOYMENT_TARGET = 13.0;
				LD_RUNPATH_SEARCH_PATHS = (
					"$(inherited)",
					"@executable_path/Frameworks",
				);
				PRODUCT_BUNDLE_IDENTIFIER = com.mingyang.projectios;
				PRODUCT_NAME = "$(TARGET_NAME)";
				SWIFT_VERSION = 5.0;
				TARGETED_DEVICE_FAMILY = 1;
			};
			name = Release;
		};
		4F77AB6225BAC7A5005EF326 /* Debug */ = {
			isa = XCBuildConfiguration;
			baseConfigurationReference = 86F50A4053457EBB7300CAD1 /* Pods-projectiosTests.debug.xcconfig */;
			buildSettings = {
				ALWAYS_EMBED_SWIFT_STANDARD_LIBRARIES = YES;
				BUNDLE_LOADER = "$(TEST_HOST)";
				CODE_SIGN_STYLE = Automatic;
				DEVELOPMENT_TEAM = PBZHU7TMH4;
				INFOPLIST_FILE = projectiosTests/Info.plist;
				IPHONEOS_DEPLOYMENT_TARGET = 14.3;
				LD_RUNPATH_SEARCH_PATHS = (
					"$(inherited)",
					"@executable_path/Frameworks",
					"@loader_path/Frameworks",
				);
				PRODUCT_BUNDLE_IDENTIFIER = com.mingyang.projectiosTests;
				PRODUCT_NAME = "$(TARGET_NAME)";
				SWIFT_VERSION = 5.0;
				TARGETED_DEVICE_FAMILY = "1,2";
				TEST_HOST = "$(BUILT_PRODUCTS_DIR)/projectios.app/projectios";
			};
			name = Debug;
		};
		4F77AB6325BAC7A5005EF326 /* Release */ = {
			isa = XCBuildConfiguration;
			baseConfigurationReference = 620A294E039249F43A383B84 /* Pods-projectiosTests.release.xcconfig */;
			buildSettings = {
				ALWAYS_EMBED_SWIFT_STANDARD_LIBRARIES = YES;
				BUNDLE_LOADER = "$(TEST_HOST)";
				CODE_SIGN_STYLE = Automatic;
				DEVELOPMENT_TEAM = PBZHU7TMH4;
				INFOPLIST_FILE = projectiosTests/Info.plist;
				IPHONEOS_DEPLOYMENT_TARGET = 14.3;
				LD_RUNPATH_SEARCH_PATHS = (
					"$(inherited)",
					"@executable_path/Frameworks",
					"@loader_path/Frameworks",
				);
				PRODUCT_BUNDLE_IDENTIFIER = com.mingyang.projectiosTests;
				PRODUCT_NAME = "$(TARGET_NAME)";
				SWIFT_VERSION = 5.0;
				TARGETED_DEVICE_FAMILY = "1,2";
				TEST_HOST = "$(BUILT_PRODUCTS_DIR)/projectios.app/projectios";
			};
			name = Release;
		};
		4F77AB6525BAC7A5005EF326 /* Debug */ = {
			isa = XCBuildConfiguration;
			baseConfigurationReference = 43EA572E58B448456A5A0BA9 /* Pods-projectios-projectiosUITests.debug.xcconfig */;
			buildSettings = {
				ALWAYS_EMBED_SWIFT_STANDARD_LIBRARIES = YES;
				CODE_SIGN_STYLE = Automatic;
				DEVELOPMENT_TEAM = PBZHU7TMH4;
				INFOPLIST_FILE = projectiosUITests/Info.plist;
				LD_RUNPATH_SEARCH_PATHS = (
					"$(inherited)",
					"@executable_path/Frameworks",
					"@loader_path/Frameworks",
				);
				PRODUCT_BUNDLE_IDENTIFIER = com.mingyang.projectiosUITests;
				PRODUCT_NAME = "$(TARGET_NAME)";
				SWIFT_VERSION = 5.0;
				TARGETED_DEVICE_FAMILY = "1,2";
				TEST_TARGET_NAME = projectios;
			};
			name = Debug;
		};
		4F77AB6625BAC7A5005EF326 /* Release */ = {
			isa = XCBuildConfiguration;
			baseConfigurationReference = B482DC3E8E40821F580CD093 /* Pods-projectios-projectiosUITests.release.xcconfig */;
			buildSettings = {
				ALWAYS_EMBED_SWIFT_STANDARD_LIBRARIES = YES;
				CODE_SIGN_STYLE = Automatic;
				DEVELOPMENT_TEAM = PBZHU7TMH4;
				INFOPLIST_FILE = projectiosUITests/Info.plist;
				LD_RUNPATH_SEARCH_PATHS = (
					"$(inherited)",
					"@executable_path/Frameworks",
					"@loader_path/Frameworks",
				);
				PRODUCT_BUNDLE_IDENTIFIER = com.mingyang.projectiosUITests;
				PRODUCT_NAME = "$(TARGET_NAME)";
				SWIFT_VERSION = 5.0;
				TARGETED_DEVICE_FAMILY = "1,2";
				TEST_TARGET_NAME = projectios;
			};
			name = Release;
		};
/* End XCBuildConfiguration section */

/* Begin XCConfigurationList section */
		4F77AB2F25BAC7A1005EF326 /* Build configuration list for PBXProject "projectios" */ = {
			isa = XCConfigurationList;
			buildConfigurations = (
				4F77AB5C25BAC7A5005EF326 /* Debug */,
				4F77AB5D25BAC7A5005EF326 /* Release */,
			);
			defaultConfigurationIsVisible = 0;
			defaultConfigurationName = Release;
		};
		4F77AB5E25BAC7A5005EF326 /* Build configuration list for PBXNativeTarget "projectios" */ = {
			isa = XCConfigurationList;
			buildConfigurations = (
				4F77AB5F25BAC7A5005EF326 /* Debug */,
				4F77AB6025BAC7A5005EF326 /* Release */,
			);
			defaultConfigurationIsVisible = 0;
			defaultConfigurationName = Release;
		};
		4F77AB6125BAC7A5005EF326 /* Build configuration list for PBXNativeTarget "projectiosTests" */ = {
			isa = XCConfigurationList;
			buildConfigurations = (
				4F77AB6225BAC7A5005EF326 /* Debug */,
				4F77AB6325BAC7A5005EF326 /* Release */,
			);
			defaultConfigurationIsVisible = 0;
			defaultConfigurationName = Release;
		};
		4F77AB6425BAC7A5005EF326 /* Build configuration list for PBXNativeTarget "projectiosUITests" */ = {
			isa = XCConfigurationList;
			buildConfigurations = (
				4F77AB6525BAC7A5005EF326 /* Debug */,
				4F77AB6625BAC7A5005EF326 /* Release */,
			);
			defaultConfigurationIsVisible = 0;
			defaultConfigurationName = Release;
		};
/* End XCConfigurationList section */
	};
	rootObject = 4F77AB2C25BAC7A1005EF326 /* Project object */;
}
